Microsoft Visual Studio Solution File, Format Version 7.00
Project("{FAE04EC0-301F-11D3-BF4B-00C04F79EFBC}") = "LinearGradientBrushSamp", "LinearGradientBrushSamp.csproj", "{42125185-FEED-4E11-B78A-870384AFBB74}"
EndProject
Global
	GlobalSection(SolutionConfiguration) = preSolution
		ConfigName.0 = Debug
		ConfigName.1 = Release
	EndGlobalSection
	GlobalSection(ProjectDependencies) = postSolution
	EndGlobalSection
	GlobalSection(ProjectConfiguration) = postSolution
		{42125185-FEED-4E11-B78A-870384AFBB74}.Debug.ActiveCfg = Debug|.NET
		{42125185-FEED-4E11-B78A-870384AFBB74}.Debug.Build.0 = Debug|.NET
		{42125185-FEED-4E11-B78A-870384AFBB74}.Release.ActiveCfg = Release|.NET
		{42125185-FEED-4E11-B78A-870384AFBB74}.Release.Build.0 = Release|.NET
	EndGlobalSection
	GlobalSection(ExtensibilityGlobals) = postSolution
	EndGlobalSection
	GlobalSection(ExtensibilityAddIns) = postSolution
	EndGlobalSection
EndGlobal
