Microsoft Visual Studio Solution File, Format Version 7.00
Project("{FAE04EC0-301F-11D3-BF4B-00C04F79EFBC}") = "SolidBrushSamp", "SolidBrushSamp.csproj", "{B101A99C-E7DF-4CA9-AFA1-07746FBE3C7B}"
EndProject
Global
	GlobalSection(SolutionConfiguration) = preSolution
		ConfigName.0 = Debug
		ConfigName.1 = Release
	EndGlobalSection
	GlobalSection(ProjectDependencies) = postSolution
	EndGlobalSection
	GlobalSection(ProjectConfiguration) = postSolution
		{B101A99C-E7DF-4CA9-AFA1-07746FBE3C7B}.Debug.ActiveCfg = Debug|.NET
		{B101A99C-E7DF-4CA9-AFA1-07746FBE3C7B}.Debug.Build.0 = Debug|.NET
		{B101A99C-E7DF-4CA9-AFA1-07746FBE3C7B}.Release.ActiveCfg = Release|.NET
		{B101A99C-E7DF-4CA9-AFA1-07746FBE3C7B}.Release.Build.0 = Release|.NET
	EndGlobalSection
	GlobalSection(ExtensibilityGlobals) = postSolution
	EndGlobalSection
	GlobalSection(ExtensibilityAddIns) = postSolution
	EndGlobalSection
EndGlobal
