Microsoft Visual Studio Solution File, Format Version 7.00
Project("{F184B08F-C81C-45F6-A57F-5ABD9991F28F}") = "PaintEventManually", "PaintEventManually.vbproj", "{CE7CBADB-389D-4042-90EF-05FEB98FF661}"
EndProject
Global
	GlobalSection(SolutionConfiguration) = preSolution
		ConfigName.0 = Debug
		ConfigName.1 = Release
	EndGlobalSection
	GlobalSection(ProjectDependencies) = postSolution
	EndGlobalSection
	GlobalSection(ProjectConfiguration) = postSolution
		{CE7CBADB-389D-4042-90EF-05FEB98FF661}.Debug.ActiveCfg = Debug|.NET
		{CE7CBADB-389D-4042-90EF-05FEB98FF661}.Debug.Build.0 = Debug|.NET
		{CE7CBADB-389D-4042-90EF-05FEB98FF661}.Release.ActiveCfg = Release|.NET
		{CE7CBADB-389D-4042-90EF-05FEB98FF661}.Release.Build.0 = Release|.NET
	EndGlobalSection
	GlobalSection(ExtensibilityGlobals) = postSolution
	EndGlobalSection
	GlobalSection(ExtensibilityAddIns) = postSolution
	EndGlobalSection
EndGlobal
