Microsoft Visual Studio Solution File, Format Version 8.00
Project("{FAE04EC0-301F-11D3-BF4B-00C04F79EFBC}") = "PrivateFontCollectionSamp", "PrivateFontCollectionSamp.csproj", "{D5CFA155-417E-11D6-BC6D-0060B0EE7607}"
	ProjectSection(ProjectDependencies) = postProject
	EndProjectSection
EndProject
Global
	GlobalSection(SolutionConfiguration) = preSolution
		Debug = Debug
		Release = Release
	EndGlobalSection
	GlobalSection(ProjectConfiguration) = postSolution
		{D5CFA155-417E-11D6-BC6D-0060B0EE7607}.Debug.ActiveCfg = Debug|.NET
		{D5CFA155-417E-11D6-BC6D-0060B0EE7607}.Debug.Build.0 = Debug|.NET
		{D5CFA155-417E-11D6-BC6D-0060B0EE7607}.Release.ActiveCfg = Release|.NET
		{D5CFA155-417E-11D6-BC6D-0060B0EE7607}.Release.Build.0 = Release|.NET
	EndGlobalSection
	GlobalSection(ExtensibilityGlobals) = postSolution
	EndGlobalSection
	GlobalSection(ExtensibilityAddIns) = postSolution
	EndGlobalSection
EndGlobal
