Microsoft Visual Studio Solution File, Format Version 7.00
Project("{FAE04EC0-301F-11D3-BF4B-00C04F79EFBC}") = "CheckRadioTest", "CheckRadioTest.csproj", "{7C87F3A3-E9CF-4BB1-8E39-4E9197F7490C}"
EndProject
Global
	GlobalSection(SolutionConfiguration) = preSolution
		ConfigName.0 = Debug
		ConfigName.1 = Release
	EndGlobalSection
	GlobalSection(ProjectDependencies) = postSolution
	EndGlobalSection
	GlobalSection(ProjectConfiguration) = postSolution
		{7C87F3A3-E9CF-4BB1-8E39-4E9197F7490C}.Debug.ActiveCfg = Debug|.NET
		{7C87F3A3-E9CF-4BB1-8E39-4E9197F7490C}.Debug.Build.0 = Debug|.NET
		{7C87F3A3-E9CF-4BB1-8E39-4E9197F7490C}.Release.ActiveCfg = Release|.NET
		{7C87F3A3-E9CF-4BB1-8E39-4E9197F7490C}.Release.Build.0 = Release|.NET
	EndGlobalSection
	GlobalSection(ExtensibilityGlobals) = postSolution
	EndGlobalSection
	GlobalSection(ExtensibilityAddIns) = postSolution
	EndGlobalSection
EndGlobal
