Microsoft Visual Studio Solution File, Format Version 7.00
Project("{FAE04EC0-301F-11D3-BF4B-00C04F79EFBC}") = "FirstGDI+App", "FirstGDI+App.csproj", "{8309A1B3-6E5A-11D6-BC9E-0060B0EE7607}"
EndProject
Global
	GlobalSection(SolutionConfiguration) = preSolution
		ConfigName.0 = Debug
		ConfigName.1 = Release
	EndGlobalSection
	GlobalSection(ProjectDependencies) = postSolution
	EndGlobalSection
	GlobalSection(ProjectConfiguration) = postSolution
		{8309A1B3-6E5A-11D6-BC9E-0060B0EE7607}.Debug.ActiveCfg = Debug|.NET
		{8309A1B3-6E5A-11D6-BC9E-0060B0EE7607}.Debug.Build.0 = Debug|.NET
		{8309A1B3-6E5A-11D6-BC9E-0060B0EE7607}.Release.ActiveCfg = Release|.NET
		{8309A1B3-6E5A-11D6-BC9E-0060B0EE7607}.Release.Build.0 = Release|.NET
	EndGlobalSection
	GlobalSection(ExtensibilityGlobals) = postSolution
	EndGlobalSection
	GlobalSection(ExtensibilityAddIns) = postSolution
	EndGlobalSection
EndGlobal
